
Microsoft Visual Studio Solution File, Format Version 12.00
# Visual Studio 15
VisualStudioVersion = 15.0.28307.421
MinimumVisualStudioVersion = 10.0.40219.1
Project("{FAE04EC0-301F-11D3-BF4B-00C04F79EFBC}") = "CarnivorousPlants", "CarnivorousPlants\CarnivorousPlants.csproj", "{3873822F-57B6-4A88-A7A4-B00A08B4154B}"
EndProject
Global
	GlobalSection(SolutionConfigurationPlatforms) = preSolution
		Debug|Any CPU = Debug|Any CPU
		Release|Any CPU = Release|Any CPU
	EndGlobalSection
	GlobalSection(ProjectConfigurationPlatforms) = postSolution
		{3873822F-57B6-4A88-A7A4-B00A08B4154B}.Debug|Any CPU.ActiveCfg = Debug|Any CPU
		{3873822F-57B6-4A88-A7A4-B00A08B4154B}.Debug|Any CPU.Build.0 = Debug|Any CPU
		{3873822F-57B6-4A88-A7A4-B00A08B4154B}.Release|Any CPU.ActiveCfg = Release|Any CPU
		{3873822F-57B6-4A88-A7A4-B00A08B4154B}.Release|Any CPU.Build.0 = Release|Any CPU
	EndGlobalSection
	GlobalSection(SolutionProperties) = preSolution
		HideSolutionNode = FALSE
	EndGlobalSection
	GlobalSection(ExtensibilityGlobals) = postSolution
		SolutionGuid = {731E846E-DAF6-479F-B932-CA6EF09D8255}
	EndGlobalSection
EndGlobal
